
Microsoft Visual Studio Solution File, Format Version 12.00
Project("{FAE04EC0-301F-11D3-BF4B-00C04F79EFBC}") = "PolymorphicBuilder.Domain", "PolymorphicBuilder.Domain\PolymorphicBuilder.Domain.csproj", "{731EE5AB-CEA0-4954-9AE8-78262BEA15B7}"
EndProject
Project("{FAE04EC0-301F-11D3-BF4B-00C04F79EFBC}") = "PolymorphicBuilder.Domain.Tests.Unit", "PolymorphicBuilder.Domain.Tests.Unit\PolymorphicBuilder.Domain.Tests.Unit.csproj", "{AF56F10E-DCEB-48AE-9676-6FD6FC3F830B}"
EndProject
Global
	GlobalSection(SolutionConfigurationPlatforms) = preSolution
		Debug|Any CPU = Debug|Any CPU
		Release|Any CPU = Release|Any CPU
	EndGlobalSection
	GlobalSection(ProjectConfigurationPlatforms) = postSolution
		{731EE5AB-CEA0-4954-9AE8-78262BEA15B7}.Debug|Any CPU.ActiveCfg = Debug|Any CPU
		{731EE5AB-CEA0-4954-9AE8-78262BEA15B7}.Debug|Any CPU.Build.0 = Debug|Any CPU
		{731EE5AB-CEA0-4954-9AE8-78262BEA15B7}.Release|Any CPU.ActiveCfg = Release|Any CPU
		{731EE5AB-CEA0-4954-9AE8-78262BEA15B7}.Release|Any CPU.Build.0 = Release|Any CPU
		{AF56F10E-DCEB-48AE-9676-6FD6FC3F830B}.Debug|Any CPU.ActiveCfg = Debug|Any CPU
		{AF56F10E-DCEB-48AE-9676-6FD6FC3F830B}.Debug|Any CPU.Build.0 = Debug|Any CPU
		{AF56F10E-DCEB-48AE-9676-6FD6FC3F830B}.Release|Any CPU.ActiveCfg = Release|Any CPU
		{AF56F10E-DCEB-48AE-9676-6FD6FC3F830B}.Release|Any CPU.Build.0 = Release|Any CPU
	EndGlobalSection
EndGlobal
